// !$*UTF8*$!
{
	archiveVersion = 1;
	classes = {
	};
	objectVersion = 50;
	objects = {

/* Begin PBXAggregateTarget section */
		7D7A2D1C26CA6F3B0090D726 /* JJCSwiftToolsAggregate */ = {
			isa = PBXAggregateTarget;
			buildConfigurationList = 7D7A2D1D26CA6F3B0090D726 /* Build configuration list for PBXAggregateTarget "JJCSwiftToolsAggregate" */;
			buildPhases = (
				7D7A2D2326CA6F5D0090D726 /* ShellScript */,
			);
			dependencies = (
			);
			name = JJCSwiftToolsAggregate;
			productName = JJCSwiftToolsAggregate;
		};
/* End PBXAggregateTarget section */

/* Begin PBXBuildFile section */
		7D3B458426D0FB500037F09F /* JJCDevice.swift in Sources */ = {isa = PBXBuildFile; fileRef = 7D3B458326D0FB500037F09F /* JJCDevice.swift */; };
		7D3B458826D101040037F09F /* JJCAppInfo.swift in Sources */ = {isa = PBXBuildFile; fileRef = 7D3B458726D101040037F09F /* JJCAppInfo.swift */; };
		7DC64A3826B01EEB001182FB /* JJCSwiftTools.h in Headers */ = {isa = PBXBuildFile; fileRef = 7DC64A3626B01EEB001182FB /* JJCSwiftTools.h */; settings = {ATTRIBUTES = (Public, ); }; };
		7DC64A7326B02153001182FB /* UIButton+JJCAPI.swift in Sources */ = {isa = PBXBuildFile; fileRef = 7DC64A7226B02153001182FB /* UIButton+JJCAPI.swift */; };
		7DC64A7726B0F524001182FB /* UISearchBar+JJCAPI.swift in Sources */ = {isa = PBXBuildFile; fileRef = 7DC64A7626B0F524001182FB /* UISearchBar+JJCAPI.swift */; };
		7DC64A7A26B0FBC6001182FB /* UIView+JJCAPI.swift in Sources */ = {isa = PBXBuildFile; fileRef = 7DC64A7926B0FBC6001182FB /* UIView+JJCAPI.swift */; };
		7DC64A9C26B11793001182FB /* UIColor+JJCAPI.swift in Sources */ = {isa = PBXBuildFile; fileRef = 7DC64A9B26B11793001182FB /* UIColor+JJCAPI.swift */; };
		7DC64AB026B12FCA001182FB /* CGRect+JJCAPI.swift in Sources */ = {isa = PBXBuildFile; fileRef = 7DC64AAF26B12FCA001182FB /* CGRect+JJCAPI.swift */; };
		7DC64AB326B13082001182FB /* UILabel+JJCAPI.swift in Sources */ = {isa = PBXBuildFile; fileRef = 7DC64AB226B13082001182FB /* UILabel+JJCAPI.swift */; };
		7DC64ABD26B13902001182FB /* CALayer+JJCAPI.swift in Sources */ = {isa = PBXBuildFile; fileRef = 7DC64ABC26B13902001182FB /* CALayer+JJCAPI.swift */; };
		7DC64AC026B13AD0001182FB /* UIImage+JJCAPI.swift in Sources */ = {isa = PBXBuildFile; fileRef = 7DC64ABF26B13AD0001182FB /* UIImage+JJCAPI.swift */; };
		7DC64AC326B13E48001182FB /* String+JJCAPI.swift in Sources */ = {isa = PBXBuildFile; fileRef = 7DC64AC226B13E48001182FB /* String+JJCAPI.swift */; };
		7DC64ADE26B24ED9001182FB /* JJCAPI.swift in Sources */ = {isa = PBXBuildFile; fileRef = 7DC64ADD26B24ED9001182FB /* JJCAPI.swift */; };
		7DC64B2F26B29D5F001182FB /* JJCSwiftTools.bundle in Resources */ = {isa = PBXBuildFile; fileRef = 7DC64B2E26B29D5F001182FB /* JJCSwiftTools.bundle */; };
		7DC64B4E26B2BDC0001182FB /* Root.plist in Resources */ = {isa = PBXBuildFile; fileRef = 7DC64B4C26B2BD92001182FB /* Root.plist */; };
		7DC64B5126B39E0C001182FB /* JJCPrivateAPI.swift in Sources */ = {isa = PBXBuildFile; fileRef = 7DC64B5026B39E0C001182FB /* JJCPrivateAPI.swift */; };
		7DC64B5826B7C80B001182FB /* Bundle+JJCAPI.swift in Sources */ = {isa = PBXBuildFile; fileRef = 7DC64B5726B7C80B001182FB /* Bundle+JJCAPI.swift */; };
		7DC64B5F26B80D64001182FB /* JJCEnumAPI.swift in Sources */ = {isa = PBXBuildFile; fileRef = 7DC64B5E26B80D64001182FB /* JJCEnumAPI.swift */; };
		7DC64B6226B80DC2001182FB /* JJCButton.swift in Sources */ = {isa = PBXBuildFile; fileRef = 7DC64B6126B80DC2001182FB /* JJCButton.swift */; };
		7DC64B6526B80F7D001182FB /* JJCSegmentView.swift in Sources */ = {isa = PBXBuildFile; fileRef = 7DC64B6426B80F7D001182FB /* JJCSegmentView.swift */; };
		7DC64B7126B8E260001182FB /* JJCWebViewController.swift in Sources */ = {isa = PBXBuildFile; fileRef = 7DC64B7026B8E260001182FB /* JJCWebViewController.swift */; };
		7DC64B7526B8E55F001182FB /* JJCImageTitleModel.swift in Sources */ = {isa = PBXBuildFile; fileRef = 7DC64B7426B8E55F001182FB /* JJCImageTitleModel.swift */; };
		7DC64B7926B8E940001182FB /* JJCDataModelTool.swift in Sources */ = {isa = PBXBuildFile; fileRef = 7DC64B7826B8E940001182FB /* JJCDataModelTool.swift */; };
/* End PBXBuildFile section */

/* Begin PBXCopyFilesBuildPhase section */
		7D3B45BB26D78A9D0037F09F /* Embed Frameworks */ = {
			isa = PBXCopyFilesBuildPhase;
			buildActionMask = 2147483647;
			dstPath = "";
			dstSubfolderSpec = 10;
			files = (
			);
			name = "Embed Frameworks";
			runOnlyForDeploymentPostprocessing = 0;
		};
/* End PBXCopyFilesBuildPhase section */

/* Begin PBXFileReference section */
		7D3B458326D0FB500037F09F /* JJCDevice.swift */ = {isa = PBXFileReference; lastKnownFileType = sourcecode.swift; path = JJCDevice.swift; sourceTree = "<group>"; };
		7D3B458726D101040037F09F /* JJCAppInfo.swift */ = {isa = PBXFileReference; lastKnownFileType = sourcecode.swift; path = JJCAppInfo.swift; sourceTree = "<group>"; };
		7DC64A3326B01EEB001182FB /* JJCSwiftTools.framework */ = {isa = PBXFileReference; explicitFileType = wrapper.framework; includeInIndex = 0; path = JJCSwiftTools.framework; sourceTree = BUILT_PRODUCTS_DIR; };
		7DC64A3626B01EEB001182FB /* JJCSwiftTools.h */ = {isa = PBXFileReference; lastKnownFileType = sourcecode.c.h; path = JJCSwiftTools.h; sourceTree = "<group>"; };
		7DC64A3726B01EEB001182FB /* Info.plist */ = {isa = PBXFileReference; lastKnownFileType = text.plist.xml; path = Info.plist; sourceTree = "<group>"; };
		7DC64A7226B02153001182FB /* UIButton+JJCAPI.swift */ = {isa = PBXFileReference; lastKnownFileType = sourcecode.swift; path = "UIButton+JJCAPI.swift"; sourceTree = "<group>"; };
		7DC64A7626B0F524001182FB /* UISearchBar+JJCAPI.swift */ = {isa = PBXFileReference; lastKnownFileType = sourcecode.swift; path = "UISearchBar+JJCAPI.swift"; sourceTree = "<group>"; };
		7DC64A7926B0FBC6001182FB /* UIView+JJCAPI.swift */ = {isa = PBXFileReference; lastKnownFileType = sourcecode.swift; path = "UIView+JJCAPI.swift"; sourceTree = "<group>"; };
		7DC64A9B26B11793001182FB /* UIColor+JJCAPI.swift */ = {isa = PBXFileReference; lastKnownFileType = sourcecode.swift; path = "UIColor+JJCAPI.swift"; sourceTree = "<group>"; };
		7DC64AAF26B12FCA001182FB /* CGRect+JJCAPI.swift */ = {isa = PBXFileReference; lastKnownFileType = sourcecode.swift; path = "CGRect+JJCAPI.swift"; sourceTree = "<group>"; };
		7DC64AB226B13082001182FB /* UILabel+JJCAPI.swift */ = {isa = PBXFileReference; lastKnownFileType = sourcecode.swift; path = "UILabel+JJCAPI.swift"; sourceTree = "<group>"; };
		7DC64ABC26B13902001182FB /* CALayer+JJCAPI.swift */ = {isa = PBXFileReference; lastKnownFileType = sourcecode.swift; path = "CALayer+JJCAPI.swift"; sourceTree = "<group>"; };
		7DC64ABF26B13AD0001182FB /* UIImage+JJCAPI.swift */ = {isa = PBXFileReference; lastKnownFileType = sourcecode.swift; path = "UIImage+JJCAPI.swift"; sourceTree = "<group>"; };
		7DC64AC226B13E48001182FB /* String+JJCAPI.swift */ = {isa = PBXFileReference; lastKnownFileType = sourcecode.swift; path = "String+JJCAPI.swift"; sourceTree = "<group>"; };
		7DC64ADD26B24ED9001182FB /* JJCAPI.swift */ = {isa = PBXFileReference; lastKnownFileType = sourcecode.swift; path = JJCAPI.swift; sourceTree = "<group>"; };
		7DC64B2E26B29D5F001182FB /* JJCSwiftTools.bundle */ = {isa = PBXFileReference; lastKnownFileType = "wrapper.plug-in"; path = JJCSwiftTools.bundle; sourceTree = "<group>"; };
		7DC64B4C26B2BD92001182FB /* Root.plist */ = {isa = PBXFileReference; lastKnownFileType = text.plist.xml; path = Root.plist; sourceTree = "<group>"; };
		7DC64B5026B39E0C001182FB /* JJCPrivateAPI.swift */ = {isa = PBXFileReference; lastKnownFileType = sourcecode.swift; path = JJCPrivateAPI.swift; sourceTree = "<group>"; };
		7DC64B5726B7C80B001182FB /* Bundle+JJCAPI.swift */ = {isa = PBXFileReference; lastKnownFileType = sourcecode.swift; path = "Bundle+JJCAPI.swift"; sourceTree = "<group>"; };
		7DC64B5E26B80D64001182FB /* JJCEnumAPI.swift */ = {isa = PBXFileReference; lastKnownFileType = sourcecode.swift; path = JJCEnumAPI.swift; sourceTree = "<group>"; };
		7DC64B6126B80DC2001182FB /* JJCButton.swift */ = {isa = PBXFileReference; lastKnownFileType = sourcecode.swift; path = JJCButton.swift; sourceTree = "<group>"; };
		7DC64B6426B80F7D001182FB /* JJCSegmentView.swift */ = {isa = PBXFileReference; lastKnownFileType = sourcecode.swift; path = JJCSegmentView.swift; sourceTree = "<group>"; };
		7DC64B7026B8E260001182FB /* JJCWebViewController.swift */ = {isa = PBXFileReference; lastKnownFileType = sourcecode.swift; path = JJCWebViewController.swift; sourceTree = "<group>"; };
		7DC64B7426B8E55F001182FB /* JJCImageTitleModel.swift */ = {isa = PBXFileReference; lastKnownFileType = sourcecode.swift; path = JJCImageTitleModel.swift; sourceTree = "<group>"; };
		7DC64B7826B8E940001182FB /* JJCDataModelTool.swift */ = {isa = PBXFileReference; lastKnownFileType = sourcecode.swift; path = JJCDataModelTool.swift; sourceTree = "<group>"; };
/* End PBXFileReference section */

/* Begin PBXFrameworksBuildPhase section */
		7DC64A3026B01EEB001182FB /* Frameworks */ = {
			isa = PBXFrameworksBuildPhase;
			buildActionMask = 2147483647;
			files = (
			);
			runOnlyForDeploymentPostprocessing = 0;
		};
/* End PBXFrameworksBuildPhase section */

/* Begin PBXGroup section */
		7DC64A2926B01EEB001182FB = {
			isa = PBXGroup;
			children = (
				7DC64A3526B01EEB001182FB /* Sources */,
				7DC64A3426B01EEB001182FB /* Products */,
			);
			sourceTree = "<group>";
		};
		7DC64A3426B01EEB001182FB /* Products */ = {
			isa = PBXGroup;
			children = (
				7DC64A3326B01EEB001182FB /* JJCSwiftTools.framework */,
			);
			name = Products;
			sourceTree = "<group>";
		};
		7DC64A3526B01EEB001182FB /* Sources */ = {
			isa = PBXGroup;
			children = (
				7DC64A3F26B01F0A001182FB /* General */,
				7DC64A7126B0211F001182FB /* Extension */,
				7DC64B7326B8E52C001182FB /* Utility */,
				7DC64B5A26B7E58C001182FB /* View */,
				7DC64AE026B264B8001182FB /* Resources */,
				7DC64A3726B01EEB001182FB /* Info.plist */,
			);
			path = Sources;
			sourceTree = "<group>";
		};
		7DC64A3F26B01F0A001182FB /* General */ = {
			isa = PBXGroup;
			children = (
				7DC64A3626B01EEB001182FB /* JJCSwiftTools.h */,
				7DC64ADD26B24ED9001182FB /* JJCAPI.swift */,
				7DC64B5E26B80D64001182FB /* JJCEnumAPI.swift */,
				7D3B458326D0FB500037F09F /* JJCDevice.swift */,
				7D3B458726D101040037F09F /* JJCAppInfo.swift */,
				7DC64B5026B39E0C001182FB /* JJCPrivateAPI.swift */,
			);
			path = General;
			sourceTree = "<group>";
		};
		7DC64A7126B0211F001182FB /* Extension */ = {
			isa = PBXGroup;
			children = (
				7DC64AC226B13E48001182FB /* String+JJCAPI.swift */,
				7DC64A7926B0FBC6001182FB /* UIView+JJCAPI.swift */,
				7DC64ABC26B13902001182FB /* CALayer+JJCAPI.swift */,
				7DC64AAF26B12FCA001182FB /* CGRect+JJCAPI.swift */,
				7DC64A9B26B11793001182FB /* UIColor+JJCAPI.swift */,
				7DC64ABF26B13AD0001182FB /* UIImage+JJCAPI.swift */,
				7DC64AB226B13082001182FB /* UILabel+JJCAPI.swift */,
				7DC64A7226B02153001182FB /* UIButton+JJCAPI.swift */,
				7DC64A7626B0F524001182FB /* UISearchBar+JJCAPI.swift */,
				7DC64B5726B7C80B001182FB /* Bundle+JJCAPI.swift */,
			);
			path = Extension;
			sourceTree = "<group>";
		};
		7DC64AE026B264B8001182FB /* Resources */ = {
			isa = PBXGroup;
			children = (
				7DC64B4C26B2BD92001182FB /* Root.plist */,
				7DC64B2E26B29D5F001182FB /* JJCSwiftTools.bundle */,
			);
			path = Resources;
			sourceTree = "<group>";
		};
		7DC64B5A26B7E58C001182FB /* View */ = {
			isa = PBXGroup;
			children = (
				7DC64B6126B80DC2001182FB /* JJCButton.swift */,
				7DC64B6426B80F7D001182FB /* JJCSegmentView.swift */,
				7DC64B7026B8E260001182FB /* JJCWebViewController.swift */,
			);
			path = View;
			sourceTree = "<group>";
		};
		7DC64B7326B8E52C001182FB /* Utility */ = {
			isa = PBXGroup;
			children = (
				7DC64B7426B8E55F001182FB /* JJCImageTitleModel.swift */,
				7DC64B7826B8E940001182FB /* JJCDataModelTool.swift */,
			);
			path = Utility;
			sourceTree = "<group>";
		};
/* End PBXGroup section */

/* Begin PBXHeadersBuildPhase section */
		7DC64A2E26B01EEB001182FB /* Headers */ = {
			isa = PBXHeadersBuildPhase;
			buildActionMask = 2147483647;
			files = (
				7DC64A3826B01EEB001182FB /* JJCSwiftTools.h in Headers */,
			);
			runOnlyForDeploymentPostprocessing = 0;
		};
/* End PBXHeadersBuildPhase section */

/* Begin PBXNativeTarget section */
		7DC64A3226B01EEB001182FB /* JJCSwiftTools */ = {
			isa = PBXNativeTarget;
			buildConfigurationList = 7DC64A3B26B01EEB001182FB /* Build configuration list for PBXNativeTarget "JJCSwiftTools" */;
			buildPhases = (
				7DC64A2E26B01EEB001182FB /* Headers */,
				7DC64A2F26B01EEB001182FB /* Sources */,
				7DC64A3026B01EEB001182FB /* Frameworks */,
				7DC64A3126B01EEB001182FB /* Resources */,
				7D3B45BB26D78A9D0037F09F /* Embed Frameworks */,
			);
			buildRules = (
			);
			dependencies = (
			);
			name = JJCSwiftTools;
			productName = JJCSwiftTools;
			productReference = 7DC64A3326B01EEB001182FB /* JJCSwiftTools.framework */;
			productType = "com.apple.product-type.framework";
		};
/* End PBXNativeTarget section */

/* Begin PBXProject section */
		7DC64A2A26B01EEB001182FB /* Project object */ = {
			isa = PBXProject;
			attributes = {
				LastUpgradeCheck = 1230;
				TargetAttributes = {
					7D7A2D1C26CA6F3B0090D726 = {
						CreatedOnToolsVersion = 12.3;
					};
					7DC64A3226B01EEB001182FB = {
						CreatedOnToolsVersion = 12.3;
						LastSwiftMigration = 1230;
					};
				};
			};
			buildConfigurationList = 7DC64A2D26B01EEB001182FB /* Build configuration list for PBXProject "JJCSwiftTools" */;
			compatibilityVersion = "Xcode 9.3";
			developmentRegion = en;
			hasScannedForEncodings = 0;
			knownRegions = (
				en,
				Base,
				"zh-Hans",
			);
			mainGroup = 7DC64A2926B01EEB001182FB;
			productRefGroup = 7DC64A3426B01EEB001182FB /* Products */;
			projectDirPath = "";
			projectRoot = "";
			targets = (
				7DC64A3226B01EEB001182FB /* JJCSwiftTools */,
				7D7A2D1C26CA6F3B0090D726 /* JJCSwiftToolsAggregate */,
			);
		};
/* End PBXProject section */

/* Begin PBXResourcesBuildPhase section */
		7DC64A3126B01EEB001182FB /* Resources */ = {
			isa = PBXResourcesBuildPhase;
			buildActionMask = 2147483647;
			files = (
				7DC64B4E26B2BDC0001182FB /* Root.plist in Resources */,
				7DC64B2F26B29D5F001182FB /* JJCSwiftTools.bundle in Resources */,
			);
			runOnlyForDeploymentPostprocessing = 0;
		};
/* End PBXResourcesBuildPhase section */

/* Begin PBXShellScriptBuildPhase section */
		7D7A2D2326CA6F5D0090D726 /* ShellScript */ = {
			isa = PBXShellScriptBuildPhase;
			buildActionMask = 2147483647;
			files = (
			);
			inputFileListPaths = (
			);
			inputPaths = (
			);
			outputFileListPaths = (
			);
			outputPaths = (
			);
			runOnlyForDeploymentPostprocessing = 0;
			shellPath = /bin/sh;
			shellScript = "# Sets the target folders and the final framework product.\n# 如果工程名称和Framework的Target名称不一样的话，要自定义FMKNAME\n# 例如: FMK_NAME = \"MyFramework\"\nFMK_NAME=${PROJECT_NAME}\n# Install dir will be the final output to the framework.\n# The following line create it in the root folder of the current project.\nINSTALL_DIR=${SRCROOT}/Products/${FMK_NAME}.framework\n# Working dir will be deleted after the framework creation.\nWRK_DIR=build\nDEVICE_DIR=${WRK_DIR}/Release-iphoneos/${FMK_NAME}.framework\nSIMULATOR_DIR=${WRK_DIR}/Release-iphonesimulator/${FMK_NAME}.framework\n# -configuration ${CONFIGURATION}\n# Clean and Building both architectures.\nxcodebuild -configuration \"Release\" -target \"${FMK_NAME}\" -sdk iphoneos clean build\nxcodebuild -configuration \"Release\" -target \"${FMK_NAME}\" -sdk iphonesimulator clean build\n# Cleaning the oldest.\nif [ -d \"${INSTALL_DIR}\" ]\nthen\nrm -rf \"${INSTALL_DIR}\"\nfi\nmkdir -p \"${INSTALL_DIR}\"\ncp -R \"${DEVICE_DIR}/\" \"${INSTALL_DIR}/\"\ncp -R \"${SIMULATOR_DIR}/\" \"${INSTALL_DIR}/\"\n# Uses the Lipo Tool to merge both binary files (i386 + armv6/armv7) into one Universal final product.\nlipo -create \"${DEVICE_DIR}/${FMK_NAME}\" \"${SIMULATOR_DIR}/${FMK_NAME}\" -output \"${INSTALL_DIR}/${FMK_NAME}\"\nrm -r \"${WRK_DIR}\"\n# open \"${INSTALL_DIR}\"\n";
		};
/* End PBXShellScriptBuildPhase section */

/* Begin PBXSourcesBuildPhase section */
		7DC64A2F26B01EEB001182FB /* Sources */ = {
			isa = PBXSourcesBuildPhase;
			buildActionMask = 2147483647;
			files = (
				7DC64B6526B80F7D001182FB /* JJCSegmentView.swift in Sources */,
				7DC64A9C26B11793001182FB /* UIColor+JJCAPI.swift in Sources */,
				7DC64B5126B39E0C001182FB /* JJCPrivateAPI.swift in Sources */,
				7DC64ABD26B13902001182FB /* CALayer+JJCAPI.swift in Sources */,
				7DC64AB326B13082001182FB /* UILabel+JJCAPI.swift in Sources */,
				7DC64B7926B8E940001182FB /* JJCDataModelTool.swift in Sources */,
				7DC64AB026B12FCA001182FB /* CGRect+JJCAPI.swift in Sources */,
				7DC64B7526B8E55F001182FB /* JJCImageTitleModel.swift in Sources */,
				7D3B458426D0FB500037F09F /* JJCDevice.swift in Sources */,
				7DC64ADE26B24ED9001182FB /* JJCAPI.swift in Sources */,
				7DC64AC026B13AD0001182FB /* UIImage+JJCAPI.swift in Sources */,
				7D3B458826D101040037F09F /* JJCAppInfo.swift in Sources */,
				7DC64B5F26B80D64001182FB /* JJCEnumAPI.swift in Sources */,
				7DC64B7126B8E260001182FB /* JJCWebViewController.swift in Sources */,
				7DC64A7726B0F524001182FB /* UISearchBar+JJCAPI.swift in Sources */,
				7DC64B6226B80DC2001182FB /* JJCButton.swift in Sources */,
				7DC64B5826B7C80B001182FB /* Bundle+JJCAPI.swift in Sources */,
				7DC64A7326B02153001182FB /* UIButton+JJCAPI.swift in Sources */,
				7DC64AC326B13E48001182FB /* String+JJCAPI.swift in Sources */,
				7DC64A7A26B0FBC6001182FB /* UIView+JJCAPI.swift in Sources */,
			);
			runOnlyForDeploymentPostprocessing = 0;
		};
/* End PBXSourcesBuildPhase section */

/* Begin XCBuildConfiguration section */
		7D7A2D1E26CA6F3B0090D726 /* Debug */ = {
			isa = XCBuildConfiguration;
			buildSettings = {
				ALWAYS_EMBED_SWIFT_STANDARD_LIBRARIES = YES;
				ARCHS = "$(ARCHS_STANDARD)";
				CODE_SIGN_STYLE = Automatic;
				DEVELOPMENT_TEAM = DESPDWDBQT;
				PRODUCT_NAME = "$(TARGET_NAME)";
				TARGETED_DEVICE_FAMILY = "1,2,6";
			};
			name = Debug;
		};
		7D7A2D1F26CA6F3B0090D726 /* Release */ = {
			isa = XCBuildConfiguration;
			buildSettings = {
				ALWAYS_EMBED_SWIFT_STANDARD_LIBRARIES = YES;
				ARCHS = "$(ARCHS_STANDARD)";
				CODE_SIGN_STYLE = Automatic;
				DEVELOPMENT_TEAM = DESPDWDBQT;
				PRODUCT_NAME = "$(TARGET_NAME)";
				TARGETED_DEVICE_FAMILY = "1,2,6";
			};
			name = Release;
		};
		7DC64A3926B01EEB001182FB /* Debug */ = {
			isa = XCBuildConfiguration;
			buildSettings = {
				ALWAYS_SEARCH_USER_PATHS = NO;
				CLANG_ANALYZER_NONNULL = YES;
				CLANG_ANALYZER_NUMBER_OBJECT_CONVERSION = YES_AGGRESSIVE;
				CLANG_CXX_LANGUAGE_STANDARD = "gnu++14";
				CLANG_CXX_LIBRARY = "libc++";
				CLANG_ENABLE_MODULES = YES;
				CLANG_ENABLE_OBJC_ARC = YES;
				CLANG_ENABLE_OBJC_WEAK = YES;
				CLANG_WARN_BLOCK_CAPTURE_AUTORELEASING = YES;
				CLANG_WARN_BOOL_CONVERSION = YES;
				CLANG_WARN_COMMA = YES;
				CLANG_WARN_CONSTANT_CONVERSION = YES;
				CLANG_WARN_DEPRECATED_OBJC_IMPLEMENTATIONS = YES;
				CLANG_WARN_DIRECT_OBJC_ISA_USAGE = YES_ERROR;
				CLANG_WARN_DOCUMENTATION_COMMENTS = YES;
				CLANG_WARN_EMPTY_BODY = YES;
				CLANG_WARN_ENUM_CONVERSION = YES;
				CLANG_WARN_INFINITE_RECURSION = YES;
				CLANG_WARN_INT_CONVERSION = YES;
				CLANG_WARN_NON_LITERAL_NULL_CONVERSION = YES;
				CLANG_WARN_OBJC_IMPLICIT_RETAIN_SELF = YES;
				CLANG_WARN_OBJC_LITERAL_CONVERSION = YES;
				CLANG_WARN_OBJC_ROOT_CLASS = YES_ERROR;
				CLANG_WARN_QUOTED_INCLUDE_IN_FRAMEWORK_HEADER = YES;
				CLANG_WARN_RANGE_LOOP_ANALYSIS = YES;
				CLANG_WARN_STRICT_PROTOTYPES = YES;
				CLANG_WARN_SUSPICIOUS_MOVE = YES;
				CLANG_WARN_UNGUARDED_AVAILABILITY = YES_AGGRESSIVE;
				CLANG_WARN_UNREACHABLE_CODE = YES;
				CLANG_WARN__DUPLICATE_METHOD_MATCH = YES;
				COPY_PHASE_STRIP = NO;
				CURRENT_PROJECT_VERSION = 1;
				DEBUG_INFORMATION_FORMAT = dwarf;
				ENABLE_STRICT_OBJC_MSGSEND = YES;
				ENABLE_TESTABILITY = YES;
				GCC_C_LANGUAGE_STANDARD = gnu11;
				GCC_DYNAMIC_NO_PIC = NO;
				GCC_NO_COMMON_BLOCKS = YES;
				GCC_OPTIMIZATION_LEVEL = 0;
				GCC_PREPROCESSOR_DEFINITIONS = (
					"DEBUG=1",
					"$(inherited)",
				);
				GCC_WARN_64_TO_32_BIT_CONVERSION = YES;
				GCC_WARN_ABOUT_RETURN_TYPE = YES_ERROR;
				GCC_WARN_UNDECLARED_SELECTOR = YES;
				GCC_WARN_UNINITIALIZED_AUTOS = YES_AGGRESSIVE;
				GCC_WARN_UNUSED_FUNCTION = YES;
				GCC_WARN_UNUSED_VARIABLE = YES;
				IPHONEOS_DEPLOYMENT_TARGET = 13.0;
				MTL_ENABLE_DEBUG_INFO = INCLUDE_SOURCE;
				MTL_FAST_MATH = YES;
				ONLY_ACTIVE_ARCH = YES;
				SDKROOT = iphoneos;
				SWIFT_ACTIVE_COMPILATION_CONDITIONS = DEBUG;
				SWIFT_OPTIMIZATION_LEVEL = "-Onone";
				VERSIONING_SYSTEM = "apple-generic";
				VERSION_INFO_PREFIX = "";
			};
			name = Debug;
		};
		7DC64A3A26B01EEB001182FB /* Release */ = {
			isa = XCBuildConfiguration;
			buildSettings = {
				ALWAYS_SEARCH_USER_PATHS = NO;
				CLANG_ANALYZER_NONNULL = YES;
				CLANG_ANALYZER_NUMBER_OBJECT_CONVERSION = YES_AGGRESSIVE;
				CLANG_CXX_LANGUAGE_STANDARD = "gnu++14";
				CLANG_CXX_LIBRARY = "libc++";
				CLANG_ENABLE_MODULES = YES;
				CLANG_ENABLE_OBJC_ARC = YES;
				CLANG_ENABLE_OBJC_WEAK = YES;
				CLANG_WARN_BLOCK_CAPTURE_AUTORELEASING = YES;
				CLANG_WARN_BOOL_CONVERSION = YES;
				CLANG_WARN_COMMA = YES;
				CLANG_WARN_CONSTANT_CONVERSION = YES;
				CLANG_WARN_DEPRECATED_OBJC_IMPLEMENTATIONS = YES;
				CLANG_WARN_DIRECT_OBJC_ISA_USAGE = YES_ERROR;
				CLANG_WARN_DOCUMENTATION_COMMENTS = YES;
				CLANG_WARN_EMPTY_BODY = YES;
				CLANG_WARN_ENUM_CONVERSION = YES;
				CLANG_WARN_INFINITE_RECURSION = YES;
				CLANG_WARN_INT_CONVERSION = YES;
				CLANG_WARN_NON_LITERAL_NULL_CONVERSION = YES;
				CLANG_WARN_OBJC_IMPLICIT_RETAIN_SELF = YES;
				CLANG_WARN_OBJC_LITERAL_CONVERSION = YES;
				CLANG_WARN_OBJC_ROOT_CLASS = YES_ERROR;
				CLANG_WARN_QUOTED_INCLUDE_IN_FRAMEWORK_HEADER = YES;
				CLANG_WARN_RANGE_LOOP_ANALYSIS = YES;
				CLANG_WARN_STRICT_PROTOTYPES = YES;
				CLANG_WARN_SUSPICIOUS_MOVE = YES;
				CLANG_WARN_UNGUARDED_AVAILABILITY = YES_AGGRESSIVE;
				CLANG_WARN_UNREACHABLE_CODE = YES;
				CLANG_WARN__DUPLICATE_METHOD_MATCH = YES;
				COPY_PHASE_STRIP = NO;
				CURRENT_PROJECT_VERSION = 1;
				DEBUG_INFORMATION_FORMAT = "dwarf-with-dsym";
				ENABLE_NS_ASSERTIONS = NO;
				ENABLE_STRICT_OBJC_MSGSEND = YES;
				GCC_C_LANGUAGE_STANDARD = gnu11;
				GCC_NO_COMMON_BLOCKS = YES;
				GCC_WARN_64_TO_32_BIT_CONVERSION = YES;
				GCC_WARN_ABOUT_RETURN_TYPE = YES_ERROR;
				GCC_WARN_UNDECLARED_SELECTOR = YES;
				GCC_WARN_UNINITIALIZED_AUTOS = YES_AGGRESSIVE;
				GCC_WARN_UNUSED_FUNCTION = YES;
				GCC_WARN_UNUSED_VARIABLE = YES;
				IPHONEOS_DEPLOYMENT_TARGET = 13.0;
				MTL_ENABLE_DEBUG_INFO = NO;
				MTL_FAST_MATH = YES;
				SDKROOT = iphoneos;
				SWIFT_COMPILATION_MODE = wholemodule;
				SWIFT_OPTIMIZATION_LEVEL = "-O";
				VALIDATE_PRODUCT = YES;
				VERSIONING_SYSTEM = "apple-generic";
				VERSION_INFO_PREFIX = "";
			};
			name = Release;
		};
		7DC64A3C26B01EEB001182FB /* Debug */ = {
			isa = XCBuildConfiguration;
			buildSettings = {
				ALWAYS_EMBED_SWIFT_STANDARD_LIBRARIES = YES;
				ARCHS = "$(ARCHS_STANDARD)";
				CLANG_ENABLE_MODULES = YES;
				CODE_SIGN_STYLE = Automatic;
				CURRENT_PROJECT_VERSION = 001;
				DEFINES_MODULE = YES;
				DEVELOPMENT_TEAM = DESPDWDBQT;
				DYLIB_COMPATIBILITY_VERSION = 1;
				DYLIB_CURRENT_VERSION = 1;
				DYLIB_INSTALL_NAME_BASE = "@rpath";
				INFOPLIST_FILE = Sources/Info.plist;
				INSTALL_PATH = "$(LOCAL_LIBRARY_DIR)/Frameworks";
				LD_RUNPATH_SEARCH_PATHS = (
					"$(inherited)",
					"@executable_path/Frameworks",
					"@loader_path/Frameworks",
				);
				MACH_O_TYPE = mh_dylib;
				MARKETING_VERSION = 1.0.0;
				PRODUCT_BUNDLE_IDENTIFIER = com.jijiucheng.JJCSwiftTools;
				PRODUCT_NAME = "$(TARGET_NAME:c99extidentifier)";
				SKIP_INSTALL = YES;
				SWIFT_OPTIMIZATION_LEVEL = "-Onone";
				SWIFT_VERSION = 5.0;
				TARGETED_DEVICE_FAMILY = "1,2,6";
				VALIDATE_WORKSPACE = NO;
			};
			name = Debug;
		};
		7DC64A3D26B01EEB001182FB /* Release */ = {
			isa = XCBuildConfiguration;
			buildSettings = {
				ALWAYS_EMBED_SWIFT_STANDARD_LIBRARIES = YES;
				ARCHS = "$(ARCHS_STANDARD)";
				CLANG_ENABLE_MODULES = YES;
				CODE_SIGN_STYLE = Automatic;
				CURRENT_PROJECT_VERSION = 001;
				DEFINES_MODULE = YES;
				DEVELOPMENT_TEAM = DESPDWDBQT;
				DYLIB_COMPATIBILITY_VERSION = 1;
				DYLIB_CURRENT_VERSION = 1;
				DYLIB_INSTALL_NAME_BASE = "@rpath";
				INFOPLIST_FILE = Sources/Info.plist;
				INSTALL_PATH = "$(LOCAL_LIBRARY_DIR)/Frameworks";
				LD_RUNPATH_SEARCH_PATHS = (
					"$(inherited)",
					"@executable_path/Frameworks",
					"@loader_path/Frameworks",
				);
				MACH_O_TYPE = mh_dylib;
				MARKETING_VERSION = 1.0.0;
				PRODUCT_BUNDLE_IDENTIFIER = com.jijiucheng.JJCSwiftTools;
				PRODUCT_NAME = "$(TARGET_NAME:c99extidentifier)";
				SKIP_INSTALL = YES;
				SWIFT_VERSION = 5.0;
				TARGETED_DEVICE_FAMILY = "1,2,6";
				VALIDATE_WORKSPACE = NO;
			};
			name = Release;
		};
/* End XCBuildConfiguration section */

/* Begin XCConfigurationList section */
		7D7A2D1D26CA6F3B0090D726 /* Build configuration list for PBXAggregateTarget "JJCSwiftToolsAggregate" */ = {
			isa = XCConfigurationList;
			buildConfigurations = (
				7D7A2D1E26CA6F3B0090D726 /* Debug */,
				7D7A2D1F26CA6F3B0090D726 /* Release */,
			);
			defaultConfigurationIsVisible = 0;
			defaultConfigurationName = Release;
		};
		7DC64A2D26B01EEB001182FB /* Build configuration list for PBXProject "JJCSwiftTools" */ = {
			isa = XCConfigurationList;
			buildConfigurations = (
				7DC64A3926B01EEB001182FB /* Debug */,
				7DC64A3A26B01EEB001182FB /* Release */,
			);
			defaultConfigurationIsVisible = 0;
			defaultConfigurationName = Release;
		};
		7DC64A3B26B01EEB001182FB /* Build configuration list for PBXNativeTarget "JJCSwiftTools" */ = {
			isa = XCConfigurationList;
			buildConfigurations = (
				7DC64A3C26B01EEB001182FB /* Debug */,
				7DC64A3D26B01EEB001182FB /* Release */,
			);
			defaultConfigurationIsVisible = 0;
			defaultConfigurationName = Release;
		};
/* End XCConfigurationList section */
	};
	rootObject = 7DC64A2A26B01EEB001182FB /* Project object */;
}
